
Microsoft Visual Studio Solution File, Format Version 12.00
# Visual Studio Version 16
VisualStudioVersion = 16.0.29920.165
MinimumVisualStudioVersion = 10.0.40219.1
Project("{FAE04EC0-301F-11D3-BF4B-00C04F79EFBC}") = "Endterm", "Endterm.csproj", "{C87A1769-ACFA-4CC2-BD22-EB44E3CAA66B}"
EndProject
Global
	GlobalSection(SolutionConfigurationPlatforms) = preSolution
		Debug|Any CPU = Debug|Any CPU
		Release|Any CPU = Release|Any CPU
	EndGlobalSection
	GlobalSection(ProjectConfigurationPlatforms) = postSolution
		{C87A1769-ACFA-4CC2-BD22-EB44E3CAA66B}.Debug|Any CPU.ActiveCfg = Debug|Any CPU
		{C87A1769-ACFA-4CC2-BD22-EB44E3CAA66B}.Debug|Any CPU.Build.0 = Debug|Any CPU
		{C87A1769-ACFA-4CC2-BD22-EB44E3CAA66B}.Release|Any CPU.ActiveCfg = Release|Any CPU
		{C87A1769-ACFA-4CC2-BD22-EB44E3CAA66B}.Release|Any CPU.Build.0 = Release|Any CPU
	EndGlobalSection
	GlobalSection(SolutionProperties) = preSolution
		HideSolutionNode = FALSE
	EndGlobalSection
	GlobalSection(ExtensibilityGlobals) = postSolution
		SolutionGuid = {91F8B6AC-256E-4301-8A12-5390AB53E0F1}
	EndGlobalSection
EndGlobal
